
Microsoft Visual Studio Solution File, Format Version 12.00
# Visual Studio Version 17
VisualStudioVersion = 17.14.36518.9 d17.14
MinimumVisualStudioVersion = 10.0.40219.1
Project("{FAE04EC0-301F-11D3-BF4B-00C04F79EFBC}") = "WebsiteKhoaHoc", "WebsiteKhoaHoc.csproj", "{3A57D76A-4B79-149F-0476-77EEEE6FCDCC}"
EndProject
Global
	GlobalSection(SolutionConfigurationPlatforms) = preSolution
		Debug|Any CPU = Debug|Any CPU
		Release|Any CPU = Release|Any CPU
	EndGlobalSection
	GlobalSection(ProjectConfigurationPlatforms) = postSolution
		{3A57D76A-4B79-149F-0476-77EEEE6FCDCC}.Debug|Any CPU.ActiveCfg = Debug|Any CPU
		{3A57D76A-4B79-149F-0476-77EEEE6FCDCC}.Debug|Any CPU.Build.0 = Debug|Any CPU
		{3A57D76A-4B79-149F-0476-77EEEE6FCDCC}.Release|Any CPU.ActiveCfg = Release|Any CPU
		{3A57D76A-4B79-149F-0476-77EEEE6FCDCC}.Release|Any CPU.Build.0 = Release|Any CPU
	EndGlobalSection
	GlobalSection(SolutionProperties) = preSolution
		HideSolutionNode = FALSE
	EndGlobalSection
	GlobalSection(ExtensibilityGlobals) = postSolution
		SolutionGuid = {7F9808C1-4DE0-4E8C-9F16-4D3E0F3235AA}
	EndGlobalSection
EndGlobal
